
Microsoft Visual Studio Solution File, Format Version 12.00
# Visual Studio 15
VisualStudioVersion = 15.0.28307.779
MinimumVisualStudioVersion = 10.0.40219.1
Project("{FAE04EC0-301F-11D3-BF4B-00C04F79EFBC}") = "ImageManage2", "ImageManage2\ImageManage2.csproj", "{D08602E1-4003-4EA4-A956-DC57A3FA21F6}"
EndProject
Project("{FAE04EC0-301F-11D3-BF4B-00C04F79EFBC}") = "ImageManage2.Models", "ImageManage2.Models\ImageManage2.Models.csproj", "{C79D3C61-611A-41A6-A438-144E955FD19F}"
EndProject
Project("{FAE04EC0-301F-11D3-BF4B-00C04F79EFBC}") = "ImageManage2.DbContext", "ImageManage2.DbContext\ImageManage2.DbContext.csproj", "{DBE1EC4D-1496-4B20-9FEA-001C34AFDD8A}"
EndProject
Project("{FAE04EC0-301F-11D3-BF4B-00C04F79EFBC}") = "ImageManage2.Manager", "ImageManage2.Manager\ImageManage2.Manager.csproj", "{626850F4-DD2E-4D5F-828C-8FE8511D81FE}"
EndProject
Project("{FAE04EC0-301F-11D3-BF4B-00C04F79EFBC}") = "ImageManger2.Repository", "ImageManger2.Repository\ImageManger2.Repository.csproj", "{0EEBFB9F-3D13-410F-8F3F-774710CAD714}"
EndProject
Global
	GlobalSection(SolutionConfigurationPlatforms) = preSolution
		Debug|Any CPU = Debug|Any CPU
		Release|Any CPU = Release|Any CPU
	EndGlobalSection
	GlobalSection(ProjectConfigurationPlatforms) = postSolution
		{D08602E1-4003-4EA4-A956-DC57A3FA21F6}.Debug|Any CPU.ActiveCfg = Debug|Any CPU
		{D08602E1-4003-4EA4-A956-DC57A3FA21F6}.Debug|Any CPU.Build.0 = Debug|Any CPU
		{D08602E1-4003-4EA4-A956-DC57A3FA21F6}.Release|Any CPU.ActiveCfg = Release|Any CPU
		{D08602E1-4003-4EA4-A956-DC57A3FA21F6}.Release|Any CPU.Build.0 = Release|Any CPU
		{C79D3C61-611A-41A6-A438-144E955FD19F}.Debug|Any CPU.ActiveCfg = Debug|Any CPU
		{C79D3C61-611A-41A6-A438-144E955FD19F}.Debug|Any CPU.Build.0 = Debug|Any CPU
		{C79D3C61-611A-41A6-A438-144E955FD19F}.Release|Any CPU.ActiveCfg = Release|Any CPU
		{C79D3C61-611A-41A6-A438-144E955FD19F}.Release|Any CPU.Build.0 = Release|Any CPU
		{DBE1EC4D-1496-4B20-9FEA-001C34AFDD8A}.Debug|Any CPU.ActiveCfg = Debug|Any CPU
		{DBE1EC4D-1496-4B20-9FEA-001C34AFDD8A}.Debug|Any CPU.Build.0 = Debug|Any CPU
		{DBE1EC4D-1496-4B20-9FEA-001C34AFDD8A}.Release|Any CPU.ActiveCfg = Release|Any CPU
		{DBE1EC4D-1496-4B20-9FEA-001C34AFDD8A}.Release|Any CPU.Build.0 = Release|Any CPU
		{626850F4-DD2E-4D5F-828C-8FE8511D81FE}.Debug|Any CPU.ActiveCfg = Debug|Any CPU
		{626850F4-DD2E-4D5F-828C-8FE8511D81FE}.Debug|Any CPU.Build.0 = Debug|Any CPU
		{626850F4-DD2E-4D5F-828C-8FE8511D81FE}.Release|Any CPU.ActiveCfg = Release|Any CPU
		{626850F4-DD2E-4D5F-828C-8FE8511D81FE}.Release|Any CPU.Build.0 = Release|Any CPU
		{0EEBFB9F-3D13-410F-8F3F-774710CAD714}.Debug|Any CPU.ActiveCfg = Debug|Any CPU
		{0EEBFB9F-3D13-410F-8F3F-774710CAD714}.Debug|Any CPU.Build.0 = Debug|Any CPU
		{0EEBFB9F-3D13-410F-8F3F-774710CAD714}.Release|Any CPU.ActiveCfg = Release|Any CPU
		{0EEBFB9F-3D13-410F-8F3F-774710CAD714}.Release|Any CPU.Build.0 = Release|Any CPU
	EndGlobalSection
	GlobalSection(SolutionProperties) = preSolution
		HideSolutionNode = FALSE
	EndGlobalSection
	GlobalSection(ExtensibilityGlobals) = postSolution
		SolutionGuid = {8B4B35EE-1D9E-49C4-BBB6-3B1F0D7C837D}
	EndGlobalSection
EndGlobal
